
Microsoft Visual Studio Solution File, Format Version 12.00
# Visual Studio Version 17
VisualStudioVersion = 17.0.32112.339
MinimumVisualStudioVersion = 10.0.40219.1
Project("{FAE04EC0-301F-11D3-BF4B-00C04F79EFBC}") = "KmeansBlazor", "KmeansBlazor\KmeansBlazor.csproj", "{841A9AAB-2035-4C2D-B880-F5CE89105390}"
EndProject
Project("{FAE04EC0-301F-11D3-BF4B-00C04F79EFBC}") = "Kmeans", "Kmeans\Kmeans.csproj", "{6E153D8B-B9E2-4DFA-9B81-7B168706B468}"
EndProject
Global
	GlobalSection(SolutionConfigurationPlatforms) = preSolution
		Debug|Any CPU = Debug|Any CPU
		Release|Any CPU = Release|Any CPU
	EndGlobalSection
	GlobalSection(ProjectConfigurationPlatforms) = postSolution
		{841A9AAB-2035-4C2D-B880-F5CE89105390}.Debug|Any CPU.ActiveCfg = Debug|Any CPU
		{841A9AAB-2035-4C2D-B880-F5CE89105390}.Debug|Any CPU.Build.0 = Debug|Any CPU
		{841A9AAB-2035-4C2D-B880-F5CE89105390}.Release|Any CPU.ActiveCfg = Release|Any CPU
		{841A9AAB-2035-4C2D-B880-F5CE89105390}.Release|Any CPU.Build.0 = Release|Any CPU
		{6E153D8B-B9E2-4DFA-9B81-7B168706B468}.Debug|Any CPU.ActiveCfg = Debug|Any CPU
		{6E153D8B-B9E2-4DFA-9B81-7B168706B468}.Debug|Any CPU.Build.0 = Debug|Any CPU
		{6E153D8B-B9E2-4DFA-9B81-7B168706B468}.Release|Any CPU.ActiveCfg = Release|Any CPU
		{6E153D8B-B9E2-4DFA-9B81-7B168706B468}.Release|Any CPU.Build.0 = Release|Any CPU
	EndGlobalSection
	GlobalSection(SolutionProperties) = preSolution
		HideSolutionNode = FALSE
	EndGlobalSection
	GlobalSection(ExtensibilityGlobals) = postSolution
		SolutionGuid = {F9C5DF63-3AC6-4B69-B64D-C4B4DA0246E0}
	EndGlobalSection
EndGlobal
